// !$*UTF8*$!
{
	archiveVersion = 1;
	classes = {
	};
	objectVersion = 50;
	objects = {

/* Begin PBXBuildFile section */
		141372B420FB99B300291ABB /* main.cpp in Sources */ = {isa = PBXBuildFile; fileRef = 141372B320FB99B300291ABB /* main.cpp */; };
		141372BD20FB99E300291ABB /* YuvToRgb.cpp in Sources */ = {isa = PBXBuildFile; fileRef = 141372BB20FB99E300291ABB /* YuvToRgb.cpp */; };
		141372C020FB9A0400291ABB /* RgbToYuv.cpp in Sources */ = {isa = PBXBuildFile; fileRef = 141372BE20FB9A0400291ABB /* RgbToYuv.cpp */; };
/* End PBXBuildFile section */

/* Begin PBXCopyFilesBuildPhase section */
		141372AE20FB99B300291ABB /* CopyFiles */ = {
			isa = PBXCopyFilesBuildPhase;
			buildActionMask = 2147483647;
			dstPath = /usr/share/man/man1/;
			dstSubfolderSpec = 0;
			files = (
			);
			runOnlyForDeploymentPostprocessing = 1;
		};
/* End PBXCopyFilesBuildPhase section */

/* Begin PBXFileReference section */
		141372B020FB99B300291ABB /* SYColorConverterExample */ = {isa = PBXFileReference; explicitFileType = "compiled.mach-o.executable"; includeInIndex = 0; path = SYColorConverterExample; sourceTree = BUILT_PRODUCTS_DIR; };
		141372B320FB99B300291ABB /* main.cpp */ = {isa = PBXFileReference; lastKnownFileType = sourcecode.cpp.cpp; path = main.cpp; sourceTree = "<group>"; };
		141372BB20FB99E300291ABB /* YuvToRgb.cpp */ = {isa = PBXFileReference; lastKnownFileType = sourcecode.cpp.cpp; path = YuvToRgb.cpp; sourceTree = "<group>"; };
		141372BC20FB99E300291ABB /* YuvToRgb.h */ = {isa = PBXFileReference; lastKnownFileType = sourcecode.c.h; path = YuvToRgb.h; sourceTree = "<group>"; };
		141372BE20FB9A0400291ABB /* RgbToYuv.cpp */ = {isa = PBXFileReference; lastKnownFileType = sourcecode.cpp.cpp; path = RgbToYuv.cpp; sourceTree = "<group>"; };
		141372BF20FB9A0400291ABB /* RgbToYuv.h */ = {isa = PBXFileReference; lastKnownFileType = sourcecode.c.h; path = RgbToYuv.h; sourceTree = "<group>"; };
		142DEED320FC3C05008FC7F4 /* Converter.h */ = {isa = PBXFileReference; lastKnownFileType = sourcecode.c.h; path = Converter.h; sourceTree = "<group>"; };
/* End PBXFileReference section */

/* Begin PBXFrameworksBuildPhase section */
		141372AD20FB99B300291ABB /* Frameworks */ = {
			isa = PBXFrameworksBuildPhase;
			buildActionMask = 2147483647;
			files = (
			);
			runOnlyForDeploymentPostprocessing = 0;
		};
/* End PBXFrameworksBuildPhase section */

/* Begin PBXGroup section */
		141372A720FB99B300291ABB = {
			isa = PBXGroup;
			children = (
				141372BA20FB99D100291ABB /* SYColorConverter */,
				141372B220FB99B300291ABB /* SYColorConverterExample */,
				141372B120FB99B300291ABB /* Products */,
			);
			sourceTree = "<group>";
		};
		141372B120FB99B300291ABB /* Products */ = {
			isa = PBXGroup;
			children = (
				141372B020FB99B300291ABB /* SYColorConverterExample */,
			);
			name = Products;
			sourceTree = "<group>";
		};
		141372B220FB99B300291ABB /* SYColorConverterExample */ = {
			isa = PBXGroup;
			children = (
				141372B320FB99B300291ABB /* main.cpp */,
			);
			path = SYColorConverterExample;
			sourceTree = "<group>";
		};
		141372BA20FB99D100291ABB /* SYColorConverter */ = {
			isa = PBXGroup;
			children = (
				142DEED320FC3C05008FC7F4 /* Converter.h */,
				141372BB20FB99E300291ABB /* YuvToRgb.cpp */,
				141372BC20FB99E300291ABB /* YuvToRgb.h */,
				141372BE20FB9A0400291ABB /* RgbToYuv.cpp */,
				141372BF20FB9A0400291ABB /* RgbToYuv.h */,
			);
			path = SYColorConverter;
			sourceTree = "<group>";
		};
/* End PBXGroup section */

/* Begin PBXNativeTarget section */
		141372AF20FB99B300291ABB /* SYColorConverterExample */ = {
			isa = PBXNativeTarget;
			buildConfigurationList = 141372B720FB99B300291ABB /* Build configuration list for PBXNativeTarget "SYColorConverterExample" */;
			buildPhases = (
				141372AC20FB99B300291ABB /* Sources */,
				141372AD20FB99B300291ABB /* Frameworks */,
				141372AE20FB99B300291ABB /* CopyFiles */,
			);
			buildRules = (
			);
			dependencies = (
			);
			name = SYColorConverterExample;
			productName = SYColorConverterExample;
			productReference = 141372B020FB99B300291ABB /* SYColorConverterExample */;
			productType = "com.apple.product-type.tool";
		};
/* End PBXNativeTarget section */

/* Begin PBXProject section */
		141372A820FB99B300291ABB /* Project object */ = {
			isa = PBXProject;
			attributes = {
				LastUpgradeCheck = 0940;
				ORGANIZATIONNAME = shenyuanluo;
				TargetAttributes = {
					141372AF20FB99B300291ABB = {
						CreatedOnToolsVersion = 9.4.1;
					};
				};
			};
			buildConfigurationList = 141372AB20FB99B300291ABB /* Build configuration list for PBXProject "SYColorConverterExample" */;
			compatibilityVersion = "Xcode 9.3";
			developmentRegion = en;
			hasScannedForEncodings = 0;
			knownRegions = (
				en,
			);
			mainGroup = 141372A720FB99B300291ABB;
			productRefGroup = 141372B120FB99B300291ABB /* Products */;
			projectDirPath = "";
			projectRoot = "";
			targets = (
				141372AF20FB99B300291ABB /* SYColorConverterExample */,
			);
		};
/* End PBXProject section */

/* Begin PBXSourcesBuildPhase section */
		141372AC20FB99B300291ABB /* Sources */ = {
			isa = PBXSourcesBuildPhase;
			buildActionMask = 2147483647;
			files = (
				141372B420FB99B300291ABB /* main.cpp in Sources */,
				141372BD20FB99E300291ABB /* YuvToRgb.cpp in Sources */,
				141372C020FB9A0400291ABB /* RgbToYuv.cpp in Sources */,
			);
			runOnlyForDeploymentPostprocessing = 0;
		};
/* End PBXSourcesBuildPhase section */

/* Begin XCBuildConfiguration section */
		141372B520FB99B300291ABB /* Debug */ = {
			isa = XCBuildConfiguration;
			buildSettings = {
				ALWAYS_SEARCH_USER_PATHS = NO;
				CLANG_ANALYZER_NONNULL = YES;
				CLANG_ANALYZER_NUMBER_OBJECT_CONVERSION = YES_AGGRESSIVE;
				CLANG_CXX_LANGUAGE_STANDARD = "gnu++14";
				CLANG_CXX_LIBRARY = "libc++";
				CLANG_ENABLE_MODULES = YES;
				CLANG_ENABLE_OBJC_ARC = YES;
				CLANG_ENABLE_OBJC_WEAK = YES;
				CLANG_WARN_BLOCK_CAPTURE_AUTORELEASING = YES;
				CLANG_WARN_BOOL_CONVERSION = YES;
				CLANG_WARN_COMMA = YES;
				CLANG_WARN_CONSTANT_CONVERSION = YES;
				CLANG_WARN_DEPRECATED_OBJC_IMPLEMENTATIONS = YES;
				CLANG_WARN_DIRECT_OBJC_ISA_USAGE = YES_ERROR;
				CLANG_WARN_DOCUMENTATION_COMMENTS = YES;
				CLANG_WARN_EMPTY_BODY = YES;
				CLANG_WARN_ENUM_CONVERSION = YES;
				CLANG_WARN_INFINITE_RECURSION = YES;
				CLANG_WARN_INT_CONVERSION = YES;
				CLANG_WARN_NON_LITERAL_NULL_CONVERSION = YES;
				CLANG_WARN_OBJC_IMPLICIT_RETAIN_SELF = YES;
				CLANG_WARN_OBJC_LITERAL_CONVERSION = YES;
				CLANG_WARN_OBJC_ROOT_CLASS = YES_ERROR;
				CLANG_WARN_RANGE_LOOP_ANALYSIS = YES;
				CLANG_WARN_STRICT_PROTOTYPES = YES;
				CLANG_WARN_SUSPICIOUS_MOVE = YES;
				CLANG_WARN_UNGUARDED_AVAILABILITY = YES_AGGRESSIVE;
				CLANG_WARN_UNREACHABLE_CODE = YES;
				CLANG_WARN__DUPLICATE_METHOD_MATCH = YES;
				CODE_SIGN_IDENTITY = "-";
				COPY_PHASE_STRIP = NO;
				DEBUG_INFORMATION_FORMAT = dwarf;
				ENABLE_STRICT_OBJC_MSGSEND = YES;
				ENABLE_TESTABILITY = YES;
				GCC_C_LANGUAGE_STANDARD = gnu11;
				GCC_DYNAMIC_NO_PIC = NO;
				GCC_NO_COMMON_BLOCKS = YES;
				GCC_OPTIMIZATION_LEVEL = 0;
				GCC_PREPROCESSOR_DEFINITIONS = (
					"DEBUG=1",
					"$(inherited)",
				);
				GCC_WARN_64_TO_32_BIT_CONVERSION = YES;
				GCC_WARN_ABOUT_RETURN_TYPE = YES_ERROR;
				GCC_WARN_UNDECLARED_SELECTOR = YES;
				GCC_WARN_UNINITIALIZED_AUTOS = YES_AGGRESSIVE;
				GCC_WARN_UNUSED_FUNCTION = YES;
				GCC_WARN_UNUSED_VARIABLE = YES;
				MACOSX_DEPLOYMENT_TARGET = 10.13;
				MTL_ENABLE_DEBUG_INFO = YES;
				ONLY_ACTIVE_ARCH = YES;
				SDKROOT = macosx;
			};
			name = Debug;
		};
		141372B620FB99B300291ABB /* Release */ = {
			isa = XCBuildConfiguration;
			buildSettings = {
				ALWAYS_SEARCH_USER_PATHS = NO;
				CLANG_ANALYZER_NONNULL = YES;
				CLANG_ANALYZER_NUMBER_OBJECT_CONVERSION = YES_AGGRESSIVE;
				CLANG_CXX_LANGUAGE_STANDARD = "gnu++14";
				CLANG_CXX_LIBRARY = "libc++";
				CLANG_ENABLE_MODULES = YES;
				CLANG_ENABLE_OBJC_ARC = YES;
				CLANG_ENABLE_OBJC_WEAK = YES;
				CLANG_WARN_BLOCK_CAPTURE_AUTORELEASING = YES;
				CLANG_WARN_BOOL_CONVERSION = YES;
				CLANG_WARN_COMMA = YES;
				CLANG_WARN_CONSTANT_CONVERSION = YES;
				CLANG_WARN_DEPRECATED_OBJC_IMPLEMENTATIONS = YES;
				CLANG_WARN_DIRECT_OBJC_ISA_USAGE = YES_ERROR;
				CLANG_WARN_DOCUMENTATION_COMMENTS = YES;
				CLANG_WARN_EMPTY_BODY = YES;
				CLANG_WARN_ENUM_CONVERSION = YES;
				CLANG_WARN_INFINITE_RECURSION = YES;
				CLANG_WARN_INT_CONVERSION = YES;
				CLANG_WARN_NON_LITERAL_NULL_CONVERSION = YES;
				CLANG_WARN_OBJC_IMPLICIT_RETAIN_SELF = YES;
				CLANG_WARN_OBJC_LITERAL_CONVERSION = YES;
				CLANG_WARN_OBJC_ROOT_CLASS = YES_ERROR;
				CLANG_WARN_RANGE_LOOP_ANALYSIS = YES;
				CLANG_WARN_STRICT_PROTOTYPES = YES;
				CLANG_WARN_SUSPICIOUS_MOVE = YES;
				CLANG_WARN_UNGUARDED_AVAILABILITY = YES_AGGRESSIVE;
				CLANG_WARN_UNREACHABLE_CODE = YES;
				CLANG_WARN__DUPLICATE_METHOD_MATCH = YES;
				CODE_SIGN_IDENTITY = "-";
				COPY_PHASE_STRIP = NO;
				DEBUG_INFORMATION_FORMAT = "dwarf-with-dsym";
				ENABLE_NS_ASSERTIONS = NO;
				ENABLE_STRICT_OBJC_MSGSEND = YES;
				GCC_C_LANGUAGE_STANDARD = gnu11;
				GCC_NO_COMMON_BLOCKS = YES;
				GCC_WARN_64_TO_32_BIT_CONVERSION = YES;
				GCC_WARN_ABOUT_RETURN_TYPE = YES_ERROR;
				GCC_WARN_UNDECLARED_SELECTOR = YES;
				GCC_WARN_UNINITIALIZED_AUTOS = YES_AGGRESSIVE;
				GCC_WARN_UNUSED_FUNCTION = YES;
				GCC_WARN_UNUSED_VARIABLE = YES;
				MACOSX_DEPLOYMENT_TARGET = 10.13;
				MTL_ENABLE_DEBUG_INFO = NO;
				SDKROOT = macosx;
			};
			name = Release;
		};
		141372B820FB99B300291ABB /* Debug */ = {
			isa = XCBuildConfiguration;
			buildSettings = {
				CODE_SIGN_STYLE = Automatic;
				PRODUCT_NAME = "$(TARGET_NAME)";
			};
			name = Debug;
		};
		141372B920FB99B300291ABB /* Release */ = {
			isa = XCBuildConfiguration;
			buildSettings = {
				CODE_SIGN_STYLE = Automatic;
				PRODUCT_NAME = "$(TARGET_NAME)";
			};
			name = Release;
		};
/* End XCBuildConfiguration section */

/* Begin XCConfigurationList section */
		141372AB20FB99B300291ABB /* Build configuration list for PBXProject "SYColorConverterExample" */ = {
			isa = XCConfigurationList;
			buildConfigurations = (
				141372B520FB99B300291ABB /* Debug */,
				141372B620FB99B300291ABB /* Release */,
			);
			defaultConfigurationIsVisible = 0;
			defaultConfigurationName = Release;
		};
		141372B720FB99B300291ABB /* Build configuration list for PBXNativeTarget "SYColorConverterExample" */ = {
			isa = XCConfigurationList;
			buildConfigurations = (
				141372B820FB99B300291ABB /* Debug */,
				141372B920FB99B300291ABB /* Release */,
			);
			defaultConfigurationIsVisible = 0;
			defaultConfigurationName = Release;
		};
/* End XCConfigurationList section */
	};
	rootObject = 141372A820FB99B300291ABB /* Project object */;
}
